// !$*UTF8*$!
{
	archiveVersion = 1;
	classes = {
	};
	objectVersion = 55;
	objects = {

/* Begin PBXBuildFile section */
		2F3FD15DBE816883FE63CAF6 /* Pods_MVVMAppRxSwift.framework in Frameworks */ = {isa = PBXBuildFile; fileRef = 26BA8F860E9B61E2E775C095 /* Pods_MVVMAppRxSwift.framework */; };
		797F5133288FE8B100ED4C39 /* AppDelegate.swift in Sources */ = {isa = PBXBuildFile; fileRef = 797F5132288FE8B100ED4C39 /* AppDelegate.swift */; };
		797F5135288FE8B100ED4C39 /* SceneDelegate.swift in Sources */ = {isa = PBXBuildFile; fileRef = 797F5134288FE8B100ED4C39 /* SceneDelegate.swift */; };
		797F5137288FE8B100ED4C39 /* ViewController.swift in Sources */ = {isa = PBXBuildFile; fileRef = 797F5136288FE8B100ED4C39 /* ViewController.swift */; };
		797F513A288FE8B100ED4C39 /* Main.storyboard in Resources */ = {isa = PBXBuildFile; fileRef = 797F5138288FE8B100ED4C39 /* Main.storyboard */; };
		797F513C288FE8B400ED4C39 /* Assets.xcassets in Resources */ = {isa = PBXBuildFile; fileRef = 797F513B288FE8B400ED4C39 /* Assets.xcassets */; };
		797F513F288FE8B400ED4C39 /* LaunchScreen.storyboard in Resources */ = {isa = PBXBuildFile; fileRef = 797F513D288FE8B400ED4C39 /* LaunchScreen.storyboard */; };
		797F5149288FEA1B00ED4C39 /* ViewModel.swift in Sources */ = {isa = PBXBuildFile; fileRef = 797F5148288FEA1B00ED4C39 /* ViewModel.swift */; };
		797F514D288FEB2D00ED4C39 /* Model.swift in Sources */ = {isa = PBXBuildFile; fileRef = 797F514C288FEB2D00ED4C39 /* Model.swift */; };
		797F5152288FEBF600ED4C39 /* BaseCollectionCell.swift in Sources */ = {isa = PBXBuildFile; fileRef = 797F5151288FEBF600ED4C39 /* BaseCollectionCell.swift */; };
		797F5154288FEC9700ED4C39 /* AppRepository.swift in Sources */ = {isa = PBXBuildFile; fileRef = 797F5153288FEC9700ED4C39 /* AppRepository.swift */; };
		797F5156288FECC600ED4C39 /* AppUrl.swift in Sources */ = {isa = PBXBuildFile; fileRef = 797F5155288FECC600ED4C39 /* AppUrl.swift */; };
		797F5158288FEE0400ED4C39 /* BaseTableCell.swift in Sources */ = {isa = PBXBuildFile; fileRef = 797F5157288FEE0400ED4C39 /* BaseTableCell.swift */; };
		797F515A288FEED500ED4C39 /* ViewCell.swift in Sources */ = {isa = PBXBuildFile; fileRef = 797F5159288FEED500ED4C39 /* ViewCell.swift */; };
/* End PBXBuildFile section */

/* Begin PBXFileReference section */
		20CB0013A6BB05C00E2F6FDB /* Pods-MVVMAppRxSwift.debug.xcconfig */ = {isa = PBXFileReference; includeInIndex = 1; lastKnownFileType = text.xcconfig; name = "Pods-MVVMAppRxSwift.debug.xcconfig"; path = "Target Support Files/Pods-MVVMAppRxSwift/Pods-MVVMAppRxSwift.debug.xcconfig"; sourceTree = "<group>"; };
		26BA8F860E9B61E2E775C095 /* Pods_MVVMAppRxSwift.framework */ = {isa = PBXFileReference; explicitFileType = wrapper.framework; includeInIndex = 0; path = Pods_MVVMAppRxSwift.framework; sourceTree = BUILT_PRODUCTS_DIR; };
		797F512F288FE8B100ED4C39 /* MVVMAppRxSwift.app */ = {isa = PBXFileReference; explicitFileType = wrapper.application; includeInIndex = 0; path = MVVMAppRxSwift.app; sourceTree = BUILT_PRODUCTS_DIR; };
		797F5132288FE8B100ED4C39 /* AppDelegate.swift */ = {isa = PBXFileReference; lastKnownFileType = sourcecode.swift; path = AppDelegate.swift; sourceTree = "<group>"; };
		797F5134288FE8B100ED4C39 /* SceneDelegate.swift */ = {isa = PBXFileReference; lastKnownFileType = sourcecode.swift; path = SceneDelegate.swift; sourceTree = "<group>"; };
		797F5136288FE8B100ED4C39 /* ViewController.swift */ = {isa = PBXFileReference; lastKnownFileType = sourcecode.swift; path = ViewController.swift; sourceTree = "<group>"; };
		797F5139288FE8B100ED4C39 /* Base */ = {isa = PBXFileReference; lastKnownFileType = file.storyboard; name = Base; path = Base.lproj/Main.storyboard; sourceTree = "<group>"; };
		797F513B288FE8B400ED4C39 /* Assets.xcassets */ = {isa = PBXFileReference; lastKnownFileType = folder.assetcatalog; path = Assets.xcassets; sourceTree = "<group>"; };
		797F513E288FE8B400ED4C39 /* Base */ = {isa = PBXFileReference; lastKnownFileType = file.storyboard; name = Base; path = Base.lproj/LaunchScreen.storyboard; sourceTree = "<group>"; };
		797F5140288FE8B400ED4C39 /* Info.plist */ = {isa = PBXFileReference; lastKnownFileType = text.plist.xml; path = Info.plist; sourceTree = "<group>"; };
		797F5148288FEA1B00ED4C39 /* ViewModel.swift */ = {isa = PBXFileReference; lastKnownFileType = sourcecode.swift; path = ViewModel.swift; sourceTree = "<group>"; };
		797F514C288FEB2D00ED4C39 /* Model.swift */ = {isa = PBXFileReference; lastKnownFileType = sourcecode.swift; path = Model.swift; sourceTree = "<group>"; };
		797F5151288FEBF600ED4C39 /* BaseCollectionCell.swift */ = {isa = PBXFileReference; lastKnownFileType = sourcecode.swift; path = BaseCollectionCell.swift; sourceTree = "<group>"; };
		797F5153288FEC9700ED4C39 /* AppRepository.swift */ = {isa = PBXFileReference; lastKnownFileType = sourcecode.swift; path = AppRepository.swift; sourceTree = "<group>"; };
		797F5155288FECC600ED4C39 /* AppUrl.swift */ = {isa = PBXFileReference; lastKnownFileType = sourcecode.swift; path = AppUrl.swift; sourceTree = "<group>"; };
		797F5157288FEE0400ED4C39 /* BaseTableCell.swift */ = {isa = PBXFileReference; lastKnownFileType = sourcecode.swift; path = BaseTableCell.swift; sourceTree = "<group>"; };
		797F5159288FEED500ED4C39 /* ViewCell.swift */ = {isa = PBXFileReference; lastKnownFileType = sourcecode.swift; path = ViewCell.swift; sourceTree = "<group>"; };
		E909F8D5BC61F3699C1C27A8 /* Pods-MVVMAppRxSwift.release.xcconfig */ = {isa = PBXFileReference; includeInIndex = 1; lastKnownFileType = text.xcconfig; name = "Pods-MVVMAppRxSwift.release.xcconfig"; path = "Target Support Files/Pods-MVVMAppRxSwift/Pods-MVVMAppRxSwift.release.xcconfig"; sourceTree = "<group>"; };
/* End PBXFileReference section */

/* Begin PBXFrameworksBuildPhase section */
		797F512C288FE8B100ED4C39 /* Frameworks */ = {
			isa = PBXFrameworksBuildPhase;
			buildActionMask = 2147483647;
			files = (
				2F3FD15DBE816883FE63CAF6 /* Pods_MVVMAppRxSwift.framework in Frameworks */,
			);
			runOnlyForDeploymentPostprocessing = 0;
		};
/* End PBXFrameworksBuildPhase section */

/* Begin PBXGroup section */
		797F5126288FE8B100ED4C39 = {
			isa = PBXGroup;
			children = (
				797F5131288FE8B100ED4C39 /* MVVMAppRxSwift */,
				797F5130288FE8B100ED4C39 /* Products */,
				C2759E9B74A261C988843DA9 /* Pods */,
				9651E68B51F0A5D24ABCF7E5 /* Frameworks */,
			);
			sourceTree = "<group>";
		};
		797F5130288FE8B100ED4C39 /* Products */ = {
			isa = PBXGroup;
			children = (
				797F512F288FE8B100ED4C39 /* MVVMAppRxSwift.app */,
			);
			name = Products;
			sourceTree = "<group>";
		};
		797F5131288FE8B100ED4C39 /* MVVMAppRxSwift */ = {
			isa = PBXGroup;
			children = (
				797F5150288FEBE500ED4C39 /* Base */,
				797F514B288FEB2200ED4C39 /* Model */,
				797F514A288FEAA400ED4C39 /* Repository */,
				797F5147288FEA0400ED4C39 /* App */,
				797F514E288FEBBD00ED4C39 /* Controller */,
				797F5138288FE8B100ED4C39 /* Main.storyboard */,
				797F513B288FE8B400ED4C39 /* Assets.xcassets */,
				797F513D288FE8B400ED4C39 /* LaunchScreen.storyboard */,
				797F5140288FE8B400ED4C39 /* Info.plist */,
			);
			path = MVVMAppRxSwift;
			sourceTree = "<group>";
		};
		797F5147288FEA0400ED4C39 /* App */ = {
			isa = PBXGroup;
			children = (
				797F5132288FE8B100ED4C39 /* AppDelegate.swift */,
				797F5134288FE8B100ED4C39 /* SceneDelegate.swift */,
			);
			path = App;
			sourceTree = "<group>";
		};
		797F514A288FEAA400ED4C39 /* Repository */ = {
			isa = PBXGroup;
			children = (
				797F5153288FEC9700ED4C39 /* AppRepository.swift */,
				797F5155288FECC600ED4C39 /* AppUrl.swift */,
			);
			path = Repository;
			sourceTree = "<group>";
		};
		797F514B288FEB2200ED4C39 /* Model */ = {
			isa = PBXGroup;
			children = (
				797F514C288FEB2D00ED4C39 /* Model.swift */,
			);
			path = Model;
			sourceTree = "<group>";
		};
		797F514E288FEBBD00ED4C39 /* Controller */ = {
			isa = PBXGroup;
			children = (
				797F514F288FEBD100ED4C39 /* View */,
			);
			path = Controller;
			sourceTree = "<group>";
		};
		797F514F288FEBD100ED4C39 /* View */ = {
			isa = PBXGroup;
			children = (
				797F5136288FE8B100ED4C39 /* ViewController.swift */,
				797F5159288FEED500ED4C39 /* ViewCell.swift */,
				797F5148288FEA1B00ED4C39 /* ViewModel.swift */,
			);
			path = View;
			sourceTree = "<group>";
		};
		797F5150288FEBE500ED4C39 /* Base */ = {
			isa = PBXGroup;
			children = (
				797F5151288FEBF600ED4C39 /* BaseCollectionCell.swift */,
				797F5157288FEE0400ED4C39 /* BaseTableCell.swift */,
			);
			path = Base;
			sourceTree = "<group>";
		};
		9651E68B51F0A5D24ABCF7E5 /* Frameworks */ = {
			isa = PBXGroup;
			children = (
				26BA8F860E9B61E2E775C095 /* Pods_MVVMAppRxSwift.framework */,
			);
			name = Frameworks;
			sourceTree = "<group>";
		};
		C2759E9B74A261C988843DA9 /* Pods */ = {
			isa = PBXGroup;
			children = (
				20CB0013A6BB05C00E2F6FDB /* Pods-MVVMAppRxSwift.debug.xcconfig */,
				E909F8D5BC61F3699C1C27A8 /* Pods-MVVMAppRxSwift.release.xcconfig */,
			);
			path = Pods;
			sourceTree = "<group>";
		};
/* End PBXGroup section */

/* Begin PBXNativeTarget section */
		797F512E288FE8B100ED4C39 /* MVVMAppRxSwift */ = {
			isa = PBXNativeTarget;
			buildConfigurationList = 797F5143288FE8B400ED4C39 /* Build configuration list for PBXNativeTarget "MVVMAppRxSwift" */;
			buildPhases = (
				3B2CC1AE3CBA51E14148C025 /* [CP] Check Pods Manifest.lock */,
				797F512B288FE8B100ED4C39 /* Sources */,
				797F512C288FE8B100ED4C39 /* Frameworks */,
				797F512D288FE8B100ED4C39 /* Resources */,
				42E47CAB015083F4CB4F453B /* [CP] Embed Pods Frameworks */,
			);
			buildRules = (
			);
			dependencies = (
			);
			name = MVVMAppRxSwift;
			productName = MVVMAppRxSwift;
			productReference = 797F512F288FE8B100ED4C39 /* MVVMAppRxSwift.app */;
			productType = "com.apple.product-type.application";
		};
/* End PBXNativeTarget section */

/* Begin PBXProject section */
		797F5127288FE8B100ED4C39 /* Project object */ = {
			isa = PBXProject;
			attributes = {
				BuildIndependentTargetsInParallel = 1;
				LastSwiftUpdateCheck = 1330;
				LastUpgradeCheck = 1330;
				TargetAttributes = {
					797F512E288FE8B100ED4C39 = {
						CreatedOnToolsVersion = 13.3.1;
					};
				};
			};
			buildConfigurationList = 797F512A288FE8B100ED4C39 /* Build configuration list for PBXProject "MVVMAppRxSwift" */;
			compatibilityVersion = "Xcode 13.0";
			developmentRegion = en;
			hasScannedForEncodings = 0;
			knownRegions = (
				en,
				Base,
			);
			mainGroup = 797F5126288FE8B100ED4C39;
			productRefGroup = 797F5130288FE8B100ED4C39 /* Products */;
			projectDirPath = "";
			projectRoot = "";
			targets = (
				797F512E288FE8B100ED4C39 /* MVVMAppRxSwift */,
			);
		};
/* End PBXProject section */

/* Begin PBXResourcesBuildPhase section */
		797F512D288FE8B100ED4C39 /* Resources */ = {
			isa = PBXResourcesBuildPhase;
			buildActionMask = 2147483647;
			files = (
				797F513F288FE8B400ED4C39 /* LaunchScreen.storyboard in Resources */,
				797F513C288FE8B400ED4C39 /* Assets.xcassets in Resources */,
				797F513A288FE8B100ED4C39 /* Main.storyboard in Resources */,
			);
			runOnlyForDeploymentPostprocessing = 0;
		};
/* End PBXResourcesBuildPhase section */

/* Begin PBXShellScriptBuildPhase section */
		3B2CC1AE3CBA51E14148C025 /* [CP] Check Pods Manifest.lock */ = {
			isa = PBXShellScriptBuildPhase;
			buildActionMask = 2147483647;
			files = (
			);
			inputFileListPaths = (
			);
			inputPaths = (
				"${PODS_PODFILE_DIR_PATH}/Podfile.lock",
				"${PODS_ROOT}/Manifest.lock",
			);
			name = "[CP] Check Pods Manifest.lock";
			outputFileListPaths = (
			);
			outputPaths = (
				"$(DERIVED_FILE_DIR)/Pods-MVVMAppRxSwift-checkManifestLockResult.txt",
			);
			runOnlyForDeploymentPostprocessing = 0;
			shellPath = /bin/sh;
			shellScript = "diff \"${PODS_PODFILE_DIR_PATH}/Podfile.lock\" \"${PODS_ROOT}/Manifest.lock\" > /dev/null\nif [ $? != 0 ] ; then\n    # print error to STDERR\n    echo \"error: The sandbox is not in sync with the Podfile.lock. Run 'pod install' or update your CocoaPods installation.\" >&2\n    exit 1\nfi\n# This output is used by Xcode 'outputs' to avoid re-running this script phase.\necho \"SUCCESS\" > \"${SCRIPT_OUTPUT_FILE_0}\"\n";
			showEnvVarsInLog = 0;
		};
		42E47CAB015083F4CB4F453B /* [CP] Embed Pods Frameworks */ = {
			isa = PBXShellScriptBuildPhase;
			buildActionMask = 2147483647;
			files = (
			);
			inputFileListPaths = (
				"${PODS_ROOT}/Target Support Files/Pods-MVVMAppRxSwift/Pods-MVVMAppRxSwift-frameworks-${CONFIGURATION}-input-files.xcfilelist",
			);
			name = "[CP] Embed Pods Frameworks";
			outputFileListPaths = (
				"${PODS_ROOT}/Target Support Files/Pods-MVVMAppRxSwift/Pods-MVVMAppRxSwift-frameworks-${CONFIGURATION}-output-files.xcfilelist",
			);
			runOnlyForDeploymentPostprocessing = 0;
			shellPath = /bin/sh;
			shellScript = "\"${PODS_ROOT}/Target Support Files/Pods-MVVMAppRxSwift/Pods-MVVMAppRxSwift-frameworks.sh\"\n";
			showEnvVarsInLog = 0;
		};
/* End PBXShellScriptBuildPhase section */

/* Begin PBXSourcesBuildPhase section */
		797F512B288FE8B100ED4C39 /* Sources */ = {
			isa = PBXSourcesBuildPhase;
			buildActionMask = 2147483647;
			files = (
				797F5154288FEC9700ED4C39 /* AppRepository.swift in Sources */,
				797F5158288FEE0400ED4C39 /* BaseTableCell.swift in Sources */,
				797F514D288FEB2D00ED4C39 /* Model.swift in Sources */,
				797F5137288FE8B100ED4C39 /* ViewController.swift in Sources */,
				797F515A288FEED500ED4C39 /* ViewCell.swift in Sources */,
				797F5156288FECC600ED4C39 /* AppUrl.swift in Sources */,
				797F5133288FE8B100ED4C39 /* AppDelegate.swift in Sources */,
				797F5149288FEA1B00ED4C39 /* ViewModel.swift in Sources */,
				797F5135288FE8B100ED4C39 /* SceneDelegate.swift in Sources */,
				797F5152288FEBF600ED4C39 /* BaseCollectionCell.swift in Sources */,
			);
			runOnlyForDeploymentPostprocessing = 0;
		};
/* End PBXSourcesBuildPhase section */

/* Begin PBXVariantGroup section */
		797F5138288FE8B100ED4C39 /* Main.storyboard */ = {
			isa = PBXVariantGroup;
			children = (
				797F5139288FE8B100ED4C39 /* Base */,
			);
			name = Main.storyboard;
			sourceTree = "<group>";
		};
		797F513D288FE8B400ED4C39 /* LaunchScreen.storyboard */ = {
			isa = PBXVariantGroup;
			children = (
				797F513E288FE8B400ED4C39 /* Base */,
			);
			name = LaunchScreen.storyboard;
			sourceTree = "<group>";
		};
/* End PBXVariantGroup section */

/* Begin XCBuildConfiguration section */
		797F5141288FE8B400ED4C39 /* Debug */ = {
			isa = XCBuildConfiguration;
			buildSettings = {
				ALWAYS_SEARCH_USER_PATHS = NO;
				CLANG_ANALYZER_NONNULL = YES;
				CLANG_ANALYZER_NUMBER_OBJECT_CONVERSION = YES_AGGRESSIVE;
				CLANG_CXX_LANGUAGE_STANDARD = "gnu++17";
				CLANG_ENABLE_MODULES = YES;
				CLANG_ENABLE_OBJC_ARC = YES;
				CLANG_ENABLE_OBJC_WEAK = YES;
				CLANG_WARN_BLOCK_CAPTURE_AUTORELEASING = YES;
				CLANG_WARN_BOOL_CONVERSION = YES;
				CLANG_WARN_COMMA = YES;
				CLANG_WARN_CONSTANT_CONVERSION = YES;
				CLANG_WARN_DEPRECATED_OBJC_IMPLEMENTATIONS = YES;
				CLANG_WARN_DIRECT_OBJC_ISA_USAGE = YES_ERROR;
				CLANG_WARN_DOCUMENTATION_COMMENTS = YES;
				CLANG_WARN_EMPTY_BODY = YES;
				CLANG_WARN_ENUM_CONVERSION = YES;
				CLANG_WARN_INFINITE_RECURSION = YES;
				CLANG_WARN_INT_CONVERSION = YES;
				CLANG_WARN_NON_LITERAL_NULL_CONVERSION = YES;
				CLANG_WARN_OBJC_IMPLICIT_RETAIN_SELF = YES;
				CLANG_WARN_OBJC_LITERAL_CONVERSION = YES;
				CLANG_WARN_OBJC_ROOT_CLASS = YES_ERROR;
				CLANG_WARN_QUOTED_INCLUDE_IN_FRAMEWORK_HEADER = YES;
				CLANG_WARN_RANGE_LOOP_ANALYSIS = YES;
				CLANG_WARN_STRICT_PROTOTYPES = YES;
				CLANG_WARN_SUSPICIOUS_MOVE = YES;
				CLANG_WARN_UNGUARDED_AVAILABILITY = YES_AGGRESSIVE;
				CLANG_WARN_UNREACHABLE_CODE = YES;
				CLANG_WARN__DUPLICATE_METHOD_MATCH = YES;
				COPY_PHASE_STRIP = NO;
				DEBUG_INFORMATION_FORMAT = dwarf;
				ENABLE_STRICT_OBJC_MSGSEND = YES;
				ENABLE_TESTABILITY = YES;
				GCC_C_LANGUAGE_STANDARD = gnu11;
				GCC_DYNAMIC_NO_PIC = NO;
				GCC_NO_COMMON_BLOCKS = YES;
				GCC_OPTIMIZATION_LEVEL = 0;
				GCC_PREPROCESSOR_DEFINITIONS = (
					"DEBUG=1",
					"$(inherited)",
				);
				GCC_WARN_64_TO_32_BIT_CONVERSION = YES;
				GCC_WARN_ABOUT_RETURN_TYPE = YES_ERROR;
				GCC_WARN_UNDECLARED_SELECTOR = YES;
				GCC_WARN_UNINITIALIZED_AUTOS = YES_AGGRESSIVE;
				GCC_WARN_UNUSED_FUNCTION = YES;
				GCC_WARN_UNUSED_VARIABLE = YES;
				IPHONEOS_DEPLOYMENT_TARGET = 15.4;
				MTL_ENABLE_DEBUG_INFO = INCLUDE_SOURCE;
				MTL_FAST_MATH = YES;
				ONLY_ACTIVE_ARCH = YES;
				SDKROOT = iphoneos;
				SWIFT_ACTIVE_COMPILATION_CONDITIONS = DEBUG;
				SWIFT_OPTIMIZATION_LEVEL = "-Onone";
			};
			name = Debug;
		};
		797F5142288FE8B400ED4C39 /* Release */ = {
			isa = XCBuildConfiguration;
			buildSettings = {
				ALWAYS_SEARCH_USER_PATHS = NO;
				CLANG_ANALYZER_NONNULL = YES;
				CLANG_ANALYZER_NUMBER_OBJECT_CONVERSION = YES_AGGRESSIVE;
				CLANG_CXX_LANGUAGE_STANDARD = "gnu++17";
				CLANG_ENABLE_MODULES = YES;
				CLANG_ENABLE_OBJC_ARC = YES;
				CLANG_ENABLE_OBJC_WEAK = YES;
				CLANG_WARN_BLOCK_CAPTURE_AUTORELEASING = YES;
				CLANG_WARN_BOOL_CONVERSION = YES;
				CLANG_WARN_COMMA = YES;
				CLANG_WARN_CONSTANT_CONVERSION = YES;
				CLANG_WARN_DEPRECATED_OBJC_IMPLEMENTATIONS = YES;
				CLANG_WARN_DIRECT_OBJC_ISA_USAGE = YES_ERROR;
				CLANG_WARN_DOCUMENTATION_COMMENTS = YES;
				CLANG_WARN_EMPTY_BODY = YES;
				CLANG_WARN_ENUM_CONVERSION = YES;
				CLANG_WARN_INFINITE_RECURSION = YES;
				CLANG_WARN_INT_CONVERSION = YES;
				CLANG_WARN_NON_LITERAL_NULL_CONVERSION = YES;
				CLANG_WARN_OBJC_IMPLICIT_RETAIN_SELF = YES;
				CLANG_WARN_OBJC_LITERAL_CONVERSION = YES;
				CLANG_WARN_OBJC_ROOT_CLASS = YES_ERROR;
				CLANG_WARN_QUOTED_INCLUDE_IN_FRAMEWORK_HEADER = YES;
				CLANG_WARN_RANGE_LOOP_ANALYSIS = YES;
				CLANG_WARN_STRICT_PROTOTYPES = YES;
				CLANG_WARN_SUSPICIOUS_MOVE = YES;
				CLANG_WARN_UNGUARDED_AVAILABILITY = YES_AGGRESSIVE;
				CLANG_WARN_UNREACHABLE_CODE = YES;
				CLANG_WARN__DUPLICATE_METHOD_MATCH = YES;
				COPY_PHASE_STRIP = NO;
				DEBUG_INFORMATION_FORMAT = "dwarf-with-dsym";
				ENABLE_NS_ASSERTIONS = NO;
				ENABLE_STRICT_OBJC_MSGSEND = YES;
				GCC_C_LANGUAGE_STANDARD = gnu11;
				GCC_NO_COMMON_BLOCKS = YES;
				GCC_WARN_64_TO_32_BIT_CONVERSION = YES;
				GCC_WARN_ABOUT_RETURN_TYPE = YES_ERROR;
				GCC_WARN_UNDECLARED_SELECTOR = YES;
				GCC_WARN_UNINITIALIZED_AUTOS = YES_AGGRESSIVE;
				GCC_WARN_UNUSED_FUNCTION = YES;
				GCC_WARN_UNUSED_VARIABLE = YES;
				IPHONEOS_DEPLOYMENT_TARGET = 15.4;
				MTL_ENABLE_DEBUG_INFO = NO;
				MTL_FAST_MATH = YES;
				SDKROOT = iphoneos;
				SWIFT_COMPILATION_MODE = wholemodule;
				SWIFT_OPTIMIZATION_LEVEL = "-O";
				VALIDATE_PRODUCT = YES;
			};
			name = Release;
		};
		797F5144288FE8B400ED4C39 /* Debug */ = {
			isa = XCBuildConfiguration;
			baseConfigurationReference = 20CB0013A6BB05C00E2F6FDB /* Pods-MVVMAppRxSwift.debug.xcconfig */;
			buildSettings = {
				ASSETCATALOG_COMPILER_APPICON_NAME = AppIcon;
				ASSETCATALOG_COMPILER_GLOBAL_ACCENT_COLOR_NAME = AccentColor;
				CODE_SIGN_STYLE = Automatic;
				CURRENT_PROJECT_VERSION = 1;
				DEVELOPMENT_TEAM = TKK654AN49;
				GENERATE_INFOPLIST_FILE = YES;
				INFOPLIST_FILE = MVVMAppRxSwift/Info.plist;
				INFOPLIST_KEY_UIApplicationSupportsIndirectInputEvents = YES;
				INFOPLIST_KEY_UILaunchStoryboardName = LaunchScreen;
				INFOPLIST_KEY_UIMainStoryboardFile = Main;
				INFOPLIST_KEY_UISupportedInterfaceOrientations_iPad = "UIInterfaceOrientationPortrait UIInterfaceOrientationPortraitUpsideDown UIInterfaceOrientationLandscapeLeft UIInterfaceOrientationLandscapeRight";
				INFOPLIST_KEY_UISupportedInterfaceOrientations_iPhone = "UIInterfaceOrientationPortrait UIInterfaceOrientationLandscapeLeft UIInterfaceOrientationLandscapeRight";
				LD_RUNPATH_SEARCH_PATHS = (
					"$(inherited)",
					"@executable_path/Frameworks",
				);
				MARKETING_VERSION = 1.0;
				PRODUCT_BUNDLE_IDENTIFIER = co.shahzod.MVVMAppRxSwift;
				PRODUCT_NAME = "$(TARGET_NAME)";
				SWIFT_EMIT_LOC_STRINGS = YES;
				SWIFT_VERSION = 5.0;
				TARGETED_DEVICE_FAMILY = "1,2";
			};
			name = Debug;
		};
		797F5145288FE8B400ED4C39 /* Release */ = {
			isa = XCBuildConfiguration;
			baseConfigurationReference = E909F8D5BC61F3699C1C27A8 /* Pods-MVVMAppRxSwift.release.xcconfig */;
			buildSettings = {
				ASSETCATALOG_COMPILER_APPICON_NAME = AppIcon;
				ASSETCATALOG_COMPILER_GLOBAL_ACCENT_COLOR_NAME = AccentColor;
				CODE_SIGN_STYLE = Automatic;
				CURRENT_PROJECT_VERSION = 1;
				DEVELOPMENT_TEAM = TKK654AN49;
				GENERATE_INFOPLIST_FILE = YES;
				INFOPLIST_FILE = MVVMAppRxSwift/Info.plist;
				INFOPLIST_KEY_UIApplicationSupportsIndirectInputEvents = YES;
				INFOPLIST_KEY_UILaunchStoryboardName = LaunchScreen;
				INFOPLIST_KEY_UIMainStoryboardFile = Main;
				INFOPLIST_KEY_UISupportedInterfaceOrientations_iPad = "UIInterfaceOrientationPortrait UIInterfaceOrientationPortraitUpsideDown UIInterfaceOrientationLandscapeLeft UIInterfaceOrientationLandscapeRight";
				INFOPLIST_KEY_UISupportedInterfaceOrientations_iPhone = "UIInterfaceOrientationPortrait UIInterfaceOrientationLandscapeLeft UIInterfaceOrientationLandscapeRight";
				LD_RUNPATH_SEARCH_PATHS = (
					"$(inherited)",
					"@executable_path/Frameworks",
				);
				MARKETING_VERSION = 1.0;
				PRODUCT_BUNDLE_IDENTIFIER = co.shahzod.MVVMAppRxSwift;
				PRODUCT_NAME = "$(TARGET_NAME)";
				SWIFT_EMIT_LOC_STRINGS = YES;
				SWIFT_VERSION = 5.0;
				TARGETED_DEVICE_FAMILY = "1,2";
			};
			name = Release;
		};
/* End XCBuildConfiguration section */

/* Begin XCConfigurationList section */
		797F512A288FE8B100ED4C39 /* Build configuration list for PBXProject "MVVMAppRxSwift" */ = {
			isa = XCConfigurationList;
			buildConfigurations = (
				797F5141288FE8B400ED4C39 /* Debug */,
				797F5142288FE8B400ED4C39 /* Release */,
			);
			defaultConfigurationIsVisible = 0;
			defaultConfigurationName = Release;
		};
		797F5143288FE8B400ED4C39 /* Build configuration list for PBXNativeTarget "MVVMAppRxSwift" */ = {
			isa = XCConfigurationList;
			buildConfigurations = (
				797F5144288FE8B400ED4C39 /* Debug */,
				797F5145288FE8B400ED4C39 /* Release */,
			);
			defaultConfigurationIsVisible = 0;
			defaultConfigurationName = Release;
		};
/* End XCConfigurationList section */
	};
	rootObject = 797F5127288FE8B100ED4C39 /* Project object */;
}
